// !$*UTF8*$!
{
	archiveVersion = 1;
	classes = {
	};
	objectVersion = 48;
	objects = {

/* Begin PBXBuildFile section */
		6F036DBD1F44C210005A16D0 /* Structs.swift in Sources */ = {isa = PBXBuildFile; fileRef = 6F036DBC1F44C210005A16D0 /* Structs.swift */; };
		6F036DBF1F44C68D005A16D0 /* Spectrum.swift in Sources */ = {isa = PBXBuildFile; fileRef = 6F036DBE1F44C68D005A16D0 /* Spectrum.swift */; };
		6F17920A1F31B0D700A984F0 /* Array+extensions.swift in Sources */ = {isa = PBXBuildFile; fileRef = 6F1792091F31B0D700A984F0 /* Array+extensions.swift */; };
		6F33B9291F38F55D00B886CD /* aticatac.sna in Resources */ = {isa = PBXBuildFile; fileRef = 6F33B9281F38F55200B886CD /* aticatac.sna */; };
		6F33B92A1F38F56000B886CD /* brucelee.sna in Resources */ = {isa = PBXBuildFile; fileRef = 6F33B9221F38F55200B886CD /* brucelee.sna */; };
		6F33B92B1F38F56300B886CD /* deathchase.sna in Resources */ = {isa = PBXBuildFile; fileRef = 6F33B9261F38F55200B886CD /* deathchase.sna */; };
		6F33B92C1F38F56600B886CD /* JetPac.sna in Resources */ = {isa = PBXBuildFile; fileRef = 6F33B9271F38F55200B886CD /* JetPac.sna */; };
		6F33B92D1F38F56900B886CD /* monty.sna in Resources */ = {isa = PBXBuildFile; fileRef = 6F33B9231F38F55200B886CD /* monty.sna */; };
		6F33B92E1F38F56C00B886CD /* spacies.sna in Resources */ = {isa = PBXBuildFile; fileRef = 6F33B9251F38F55200B886CD /* spacies.sna */; };
		6F33B92F1F38F56E00B886CD /* thehobbit.sna in Resources */ = {isa = PBXBuildFile; fileRef = 6F33B9241F38F55200B886CD /* thehobbit.sna */; };
		6F37E1BE1F46F25F005A4976 /* GameSelectViewController.swift in Sources */ = {isa = PBXBuildFile; fileRef = 6F37E1BD1F46F25F005A4976 /* GameSelectViewController.swift */; };
		6F5217DF1F517C8C005063E5 /* EmulatorImageView.swift in Sources */ = {isa = PBXBuildFile; fileRef = 6F5217DE1F517C8C005063E5 /* EmulatorImageView.swift */; };
		6F7421E11F36FDFF00C056EA /* RefreshReg.swift in Sources */ = {isa = PBXBuildFile; fileRef = 6F7421E01F36FDFF00C056EA /* RefreshReg.swift */; };
		6F7618DA1F49697F00D793D7 /* Machine.swift in Sources */ = {isa = PBXBuildFile; fileRef = 6F7618D91F49697F00D793D7 /* Machine.swift */; };
		6F8E15411F3B2F9500A34AB4 /* uridium.sna in Resources */ = {isa = PBXBuildFile; fileRef = 6F8E153E1F3B2ECA00A34AB4 /* uridium.sna */; };
		6F8E15421F3B2F9900A34AB4 /* techted.sna in Resources */ = {isa = PBXBuildFile; fileRef = 6F8E153F1F3B2ED800A34AB4 /* techted.sna */; };
		6F8E15431F3B2F9C00A34AB4 /* jetsetw.sna in Resources */ = {isa = PBXBuildFile; fileRef = 6F8E15401F3B2F1600A34AB4 /* jetsetw.sna */; };
		6F8E15441F3B2FB800A34AB4 /* testz80.sna in Resources */ = {isa = PBXBuildFile; fileRef = 6F8E15381F3B14E100A34AB4 /* testz80.sna */; };
		6F93325E1F4F6B35000CA284 /* chuckie.sna in Resources */ = {isa = PBXBuildFile; fileRef = 6F93325D1F4F6B2B000CA284 /* chuckie.sna */; };
		6F93325F1F4F6B38000CA284 /* batty.sna in Resources */ = {isa = PBXBuildFile; fileRef = 6F93325C1F4F6B2A000CA284 /* batty.sna */; };
		6FA3852E1F39BCEF006CC865 /* EmulatorInputView.swift in Sources */ = {isa = PBXBuildFile; fileRef = 6FA3852D1F39BCEF006CC865 /* EmulatorInputView.swift */; };
		6FC90B4F1F5295AA002506DC /* README.md in Resources */ = {isa = PBXBuildFile; fileRef = 6FC90B4E1F5295AA002506DC /* README.md */; };
		6FCA5BA71F38B38200A22E92 /* accumulatorTests.swift in Sources */ = {isa = PBXBuildFile; fileRef = 6FCA5BA61F38B38200A22E92 /* accumulatorTests.swift */; };
		6FCC17D21F3EDDF900B867E1 /* batman.sna in Resources */ = {isa = PBXBuildFile; fileRef = 6FCC17CA1F3EDDEE00B867E1 /* batman.sna */; };
		6FCC17D31F3EDDFC00B867E1 /* cobra.sna in Resources */ = {isa = PBXBuildFile; fileRef = 6FCC17C91F3EDDEE00B867E1 /* cobra.sna */; };
		6FCC17D41F3EDDFF00B867E1 /* cybernoid1.sna in Resources */ = {isa = PBXBuildFile; fileRef = 6FCC17C81F3EDDEE00B867E1 /* cybernoid1.sna */; };
		6FCC17D51F3EDE0300B867E1 /* cybernoid2.sna in Resources */ = {isa = PBXBuildFile; fileRef = 6FCC17CE1F3EDDEF00B867E1 /* cybernoid2.sna */; };
		6FCC17D61F3EDE0700B867E1 /* dynadan.sna in Resources */ = {isa = PBXBuildFile; fileRef = 6FCC17D11F3EDDF000B867E1 /* dynadan.sna */; };
		6FCC17D71F3EDE0A00B867E1 /* greenberet.sna in Resources */ = {isa = PBXBuildFile; fileRef = 6FCC17C71F3EDDEE00B867E1 /* greenberet.sna */; };
		6FCC17D81F3EDE0D00B867E1 /* headoverheels.sna in Resources */ = {isa = PBXBuildFile; fileRef = 6FCC17CB1F3EDDEF00B867E1 /* headoverheels.sna */; };
		6FCC17D91F3EDE1100B867E1 /* hypersports.sna in Resources */ = {isa = PBXBuildFile; fileRef = 6FCC17C61F3EDDED00B867E1 /* hypersports.sna */; };
		6FCC17DA1F3EDE1400B867E1 /* JetMan.sna in Resources */ = {isa = PBXBuildFile; fileRef = 6FCC17CF1F3EDDEF00B867E1 /* JetMan.sna */; };
		6FCC17DB1F3EDE1800B867E1 /* ninjaman.sna in Resources */ = {isa = PBXBuildFile; fileRef = 6FCC17CC1F3EDDEF00B867E1 /* ninjaman.sna */; };
		6FCC17DC1F3EDE1C00B867E1 /* sabre.sna in Resources */ = {isa = PBXBuildFile; fileRef = 6FCC17CD1F3EDDEF00B867E1 /* sabre.sna */; };
		6FCC17DD1F3EDE1F00B867E1 /* starquake.sna in Resources */ = {isa = PBXBuildFile; fileRef = 6FCC17D01F3EDDEF00B867E1 /* starquake.sna */; };
		6FE5147A1F372D96004F0751 /* registerTests.swift in Sources */ = {isa = PBXBuildFile; fileRef = 6FE514791F372D96004F0751 /* registerTests.swift */; };
		6FE5147C1F3732A3004F0751 /* registerPairTests.swift in Sources */ = {isa = PBXBuildFile; fileRef = 6FE5147B1F3732A3004F0751 /* registerPairTests.swift */; };
		6FEFA90D1F2238A500F9AD93 /* Memory.swift in Sources */ = {isa = PBXBuildFile; fileRef = 6FEFA90C1F2238A500F9AD93 /* Memory.swift */; };
		6FEFA90F1F2238C200F9AD93 /* Z80.swift in Sources */ = {isa = PBXBuildFile; fileRef = 6FEFA90E1F2238C200F9AD93 /* Z80.swift */; };
		6FEFA91E1F223B5A00F9AD93 /* z80ops.json in Resources */ = {isa = PBXBuildFile; fileRef = 6FEFA91B1F223AA400F9AD93 /* z80ops.json */; };
		6FEFA91F1F223B5E00F9AD93 /* 48.rom in Resources */ = {isa = PBXBuildFile; fileRef = 6FEFA91D1F223B3A00F9AD93 /* 48.rom */; };
		6FEFA9201F223B6200F9AD93 /* manic.sna in Resources */ = {isa = PBXBuildFile; fileRef = 6FEFA91C1F223B3200F9AD93 /* manic.sna */; };
		6FEFA9221F223FCE00F9AD93 /* Loader.swift in Sources */ = {isa = PBXBuildFile; fileRef = 6FEFA9211F223FCE00F9AD93 /* Loader.swift */; };
		6FEFA9261F224F9000F9AD93 /* Z80+cb.swift in Sources */ = {isa = PBXBuildFile; fileRef = 6FEFA9251F224F9000F9AD93 /* Z80+cb.swift */; };
		6FEFA9281F224FC000F9AD93 /* Z80+dd.swift in Sources */ = {isa = PBXBuildFile; fileRef = 6FEFA9271F224FC000F9AD93 /* Z80+dd.swift */; };
		6FEFA92A1F224FF500F9AD93 /* Z80+ed.swift in Sources */ = {isa = PBXBuildFile; fileRef = 6FEFA9291F224FF500F9AD93 /* Z80+ed.swift */; };
		6FEFA92C1F22503000F9AD93 /* Z80+unprefixed.swift in Sources */ = {isa = PBXBuildFile; fileRef = 6FEFA92B1F22503000F9AD93 /* Z80+unprefixed.swift */; };
		6FEFA92E1F2250B200F9AD93 /* Z80+ddcb.swift in Sources */ = {isa = PBXBuildFile; fileRef = 6FEFA92D1F2250B200F9AD93 /* Z80+ddcb.swift */; };
		6FFB31541F22379B00C15CD7 /* AppDelegate.swift in Sources */ = {isa = PBXBuildFile; fileRef = 6FFB31531F22379B00C15CD7 /* AppDelegate.swift */; };
		6FFB31561F22379B00C15CD7 /* Emulator.swift in Sources */ = {isa = PBXBuildFile; fileRef = 6FFB31551F22379B00C15CD7 /* Emulator.swift */; };
		6FFB31581F22379B00C15CD7 /* Assets.xcassets in Resources */ = {isa = PBXBuildFile; fileRef = 6FFB31571F22379B00C15CD7 /* Assets.xcassets */; };
		6FFB315B1F22379B00C15CD7 /* Main.storyboard in Resources */ = {isa = PBXBuildFile; fileRef = 6FFB31591F22379B00C15CD7 /* Main.storyboard */; };
		6FFC9E081F35CFA400B9322C /* Register.swift in Sources */ = {isa = PBXBuildFile; fileRef = 6FFC9E071F35CFA400B9322C /* Register.swift */; };
		6FFC9E0A1F35CFB200B9322C /* RegisterPair.swift in Sources */ = {isa = PBXBuildFile; fileRef = 6FFC9E091F35CFB200B9322C /* RegisterPair.swift */; };
		6FFC9E0C1F35D65C00B9322C /* Accumulator.swift in Sources */ = {isa = PBXBuildFile; fileRef = 6FFC9E0B1F35D65C00B9322C /* Accumulator.swift */; };
		6FFE6FC21F376BEF00EBCC3B /* memoryTests.swift in Sources */ = {isa = PBXBuildFile; fileRef = 6FFE6FC11F376BEF00EBCC3B /* memoryTests.swift */; };
/* End PBXBuildFile section */

/* Begin PBXContainerItemProxy section */
		6FE514741F372CF1004F0751 /* PBXContainerItemProxy */ = {
			isa = PBXContainerItemProxy;
			containerPortal = 6FFB31481F22379B00C15CD7 /* Project object */;
			proxyType = 1;
			remoteGlobalIDString = 6FFB314F1F22379B00C15CD7;
			remoteInfo = speccyMac;
		};
/* End PBXContainerItemProxy section */

/* Begin PBXFileReference section */
		6F036DBC1F44C210005A16D0 /* Structs.swift */ = {isa = PBXFileReference; lastKnownFileType = sourcecode.swift; path = Structs.swift; sourceTree = "<group>"; };
		6F036DBE1F44C68D005A16D0 /* Spectrum.swift */ = {isa = PBXFileReference; lastKnownFileType = sourcecode.swift; path = Spectrum.swift; sourceTree = "<group>"; };
		6F1792091F31B0D700A984F0 /* Array+extensions.swift */ = {isa = PBXFileReference; lastKnownFileType = sourcecode.swift; path = "Array+extensions.swift"; sourceTree = "<group>"; };
		6F2D00F91F3CA62000343F28 /* todo.txt */ = {isa = PBXFileReference; lastKnownFileType = text; path = todo.txt; sourceTree = "<group>"; };
		6F33B9221F38F55200B886CD /* brucelee.sna */ = {isa = PBXFileReference; lastKnownFileType = file; path = brucelee.sna; sourceTree = "<group>"; };
		6F33B9231F38F55200B886CD /* monty.sna */ = {isa = PBXFileReference; lastKnownFileType = file; path = monty.sna; sourceTree = "<group>"; };
		6F33B9241F38F55200B886CD /* thehobbit.sna */ = {isa = PBXFileReference; lastKnownFileType = file; path = thehobbit.sna; sourceTree = "<group>"; };
		6F33B9251F38F55200B886CD /* spacies.sna */ = {isa = PBXFileReference; lastKnownFileType = file; path = spacies.sna; sourceTree = "<group>"; };
		6F33B9261F38F55200B886CD /* deathchase.sna */ = {isa = PBXFileReference; lastKnownFileType = file; path = deathchase.sna; sourceTree = "<group>"; };
		6F33B9271F38F55200B886CD /* JetPac.sna */ = {isa = PBXFileReference; lastKnownFileType = file; path = JetPac.sna; sourceTree = "<group>"; };
		6F33B9281F38F55200B886CD /* aticatac.sna */ = {isa = PBXFileReference; lastKnownFileType = file; path = aticatac.sna; sourceTree = "<group>"; };
		6F37E1BD1F46F25F005A4976 /* GameSelectViewController.swift */ = {isa = PBXFileReference; lastKnownFileType = sourcecode.swift; path = GameSelectViewController.swift; sourceTree = "<group>"; };
		6F5217DE1F517C8C005063E5 /* EmulatorImageView.swift */ = {isa = PBXFileReference; lastKnownFileType = sourcecode.swift; path = EmulatorImageView.swift; sourceTree = "<group>"; };
		6F7421E01F36FDFF00C056EA /* RefreshReg.swift */ = {isa = PBXFileReference; lastKnownFileType = sourcecode.swift; path = RefreshReg.swift; sourceTree = "<group>"; };
		6F7618D91F49697F00D793D7 /* Machine.swift */ = {isa = PBXFileReference; lastKnownFileType = sourcecode.swift; path = Machine.swift; sourceTree = "<group>"; };
		6F8E15381F3B14E100A34AB4 /* testz80.sna */ = {isa = PBXFileReference; lastKnownFileType = file; path = testz80.sna; sourceTree = "<group>"; };
		6F8E153E1F3B2ECA00A34AB4 /* uridium.sna */ = {isa = PBXFileReference; lastKnownFileType = file; path = uridium.sna; sourceTree = "<group>"; };
		6F8E153F1F3B2ED800A34AB4 /* techted.sna */ = {isa = PBXFileReference; lastKnownFileType = file; path = techted.sna; sourceTree = "<group>"; };
		6F8E15401F3B2F1600A34AB4 /* jetsetw.sna */ = {isa = PBXFileReference; lastKnownFileType = file; path = jetsetw.sna; sourceTree = "<group>"; };
		6F93325C1F4F6B2A000CA284 /* batty.sna */ = {isa = PBXFileReference; lastKnownFileType = file; path = batty.sna; sourceTree = "<group>"; };
		6F93325D1F4F6B2B000CA284 /* chuckie.sna */ = {isa = PBXFileReference; lastKnownFileType = file; path = chuckie.sna; sourceTree = "<group>"; };
		6FA3852D1F39BCEF006CC865 /* EmulatorInputView.swift */ = {isa = PBXFileReference; lastKnownFileType = sourcecode.swift; path = EmulatorInputView.swift; sourceTree = "<group>"; };
		6FC90B4E1F5295AA002506DC /* README.md */ = {isa = PBXFileReference; fileEncoding = 4; lastKnownFileType = net.daringfireball.markdown; path = README.md; sourceTree = SOURCE_ROOT; };
		6FCA5BA61F38B38200A22E92 /* accumulatorTests.swift */ = {isa = PBXFileReference; lastKnownFileType = sourcecode.swift; path = accumulatorTests.swift; sourceTree = "<group>"; };
		6FCC17C61F3EDDED00B867E1 /* hypersports.sna */ = {isa = PBXFileReference; lastKnownFileType = file; path = hypersports.sna; sourceTree = "<group>"; };
		6FCC17C71F3EDDEE00B867E1 /* greenberet.sna */ = {isa = PBXFileReference; lastKnownFileType = file; path = greenberet.sna; sourceTree = "<group>"; };
		6FCC17C81F3EDDEE00B867E1 /* cybernoid1.sna */ = {isa = PBXFileReference; lastKnownFileType = file; path = cybernoid1.sna; sourceTree = "<group>"; };
		6FCC17C91F3EDDEE00B867E1 /* cobra.sna */ = {isa = PBXFileReference; lastKnownFileType = file; path = cobra.sna; sourceTree = "<group>"; };
		6FCC17CA1F3EDDEE00B867E1 /* batman.sna */ = {isa = PBXFileReference; lastKnownFileType = file; path = batman.sna; sourceTree = "<group>"; };
		6FCC17CB1F3EDDEF00B867E1 /* headoverheels.sna */ = {isa = PBXFileReference; lastKnownFileType = file; path = headoverheels.sna; sourceTree = "<group>"; };
		6FCC17CC1F3EDDEF00B867E1 /* ninjaman.sna */ = {isa = PBXFileReference; lastKnownFileType = file; path = ninjaman.sna; sourceTree = "<group>"; };
		6FCC17CD1F3EDDEF00B867E1 /* sabre.sna */ = {isa = PBXFileReference; lastKnownFileType = file; path = sabre.sna; sourceTree = "<group>"; };
		6FCC17CE1F3EDDEF00B867E1 /* cybernoid2.sna */ = {isa = PBXFileReference; lastKnownFileType = file; path = cybernoid2.sna; sourceTree = "<group>"; };
		6FCC17CF1F3EDDEF00B867E1 /* JetMan.sna */ = {isa = PBXFileReference; lastKnownFileType = file; path = JetMan.sna; sourceTree = "<group>"; };
		6FCC17D01F3EDDEF00B867E1 /* starquake.sna */ = {isa = PBXFileReference; lastKnownFileType = file; path = starquake.sna; sourceTree = "<group>"; };
		6FCC17D11F3EDDF000B867E1 /* dynadan.sna */ = {isa = PBXFileReference; lastKnownFileType = file; path = dynadan.sna; sourceTree = "<group>"; };
		6FE5146F1F372CF1004F0751 /* speccyMacTests.xctest */ = {isa = PBXFileReference; explicitFileType = wrapper.cfbundle; includeInIndex = 0; path = speccyMacTests.xctest; sourceTree = BUILT_PRODUCTS_DIR; };
		6FE514731F372CF1004F0751 /* Info.plist */ = {isa = PBXFileReference; lastKnownFileType = text.plist.xml; path = Info.plist; sourceTree = "<group>"; };
		6FE514791F372D96004F0751 /* registerTests.swift */ = {isa = PBXFileReference; lastKnownFileType = sourcecode.swift; path = registerTests.swift; sourceTree = "<group>"; };
		6FE5147B1F3732A3004F0751 /* registerPairTests.swift */ = {isa = PBXFileReference; lastKnownFileType = sourcecode.swift; path = registerPairTests.swift; sourceTree = "<group>"; };
		6FEFA90C1F2238A500F9AD93 /* Memory.swift */ = {isa = PBXFileReference; lastKnownFileType = sourcecode.swift; path = Memory.swift; sourceTree = "<group>"; };
		6FEFA90E1F2238C200F9AD93 /* Z80.swift */ = {isa = PBXFileReference; lastKnownFileType = sourcecode.swift; path = Z80.swift; sourceTree = "<group>"; };
		6FEFA91B1F223AA400F9AD93 /* z80ops.json */ = {isa = PBXFileReference; lastKnownFileType = text.json; path = z80ops.json; sourceTree = SOURCE_ROOT; };
		6FEFA91C1F223B3200F9AD93 /* manic.sna */ = {isa = PBXFileReference; lastKnownFileType = file; path = manic.sna; sourceTree = SOURCE_ROOT; };
		6FEFA91D1F223B3A00F9AD93 /* 48.rom */ = {isa = PBXFileReference; lastKnownFileType = file; path = 48.rom; sourceTree = SOURCE_ROOT; };
		6FEFA9211F223FCE00F9AD93 /* Loader.swift */ = {isa = PBXFileReference; lastKnownFileType = sourcecode.swift; path = Loader.swift; sourceTree = "<group>"; };
		6FEFA9251F224F9000F9AD93 /* Z80+cb.swift */ = {isa = PBXFileReference; lastKnownFileType = sourcecode.swift; path = "Z80+cb.swift"; sourceTree = "<group>"; };
		6FEFA9271F224FC000F9AD93 /* Z80+dd.swift */ = {isa = PBXFileReference; lastKnownFileType = sourcecode.swift; path = "Z80+dd.swift"; sourceTree = "<group>"; };
		6FEFA9291F224FF500F9AD93 /* Z80+ed.swift */ = {isa = PBXFileReference; lastKnownFileType = sourcecode.swift; path = "Z80+ed.swift"; sourceTree = "<group>"; };
		6FEFA92B1F22503000F9AD93 /* Z80+unprefixed.swift */ = {isa = PBXFileReference; lastKnownFileType = sourcecode.swift; path = "Z80+unprefixed.swift"; sourceTree = "<group>"; };
		6FEFA92D1F2250B200F9AD93 /* Z80+ddcb.swift */ = {isa = PBXFileReference; lastKnownFileType = sourcecode.swift; path = "Z80+ddcb.swift"; sourceTree = "<group>"; };
		6FFB31501F22379B00C15CD7 /* speccyMac.app */ = {isa = PBXFileReference; explicitFileType = wrapper.application; includeInIndex = 0; path = speccyMac.app; sourceTree = BUILT_PRODUCTS_DIR; };
		6FFB31531F22379B00C15CD7 /* AppDelegate.swift */ = {isa = PBXFileReference; lastKnownFileType = sourcecode.swift; path = AppDelegate.swift; sourceTree = "<group>"; };
		6FFB31551F22379B00C15CD7 /* Emulator.swift */ = {isa = PBXFileReference; lastKnownFileType = sourcecode.swift; path = Emulator.swift; sourceTree = "<group>"; };
		6FFB31571F22379B00C15CD7 /* Assets.xcassets */ = {isa = PBXFileReference; lastKnownFileType = folder.assetcatalog; path = Assets.xcassets; sourceTree = "<group>"; };
		6FFB315A1F22379B00C15CD7 /* Base */ = {isa = PBXFileReference; lastKnownFileType = file.storyboard; name = Base; path = Base.lproj/Main.storyboard; sourceTree = "<group>"; };
		6FFB315C1F22379B00C15CD7 /* Info.plist */ = {isa = PBXFileReference; lastKnownFileType = text.plist.xml; path = Info.plist; sourceTree = "<group>"; };
		6FFB315D1F22379B00C15CD7 /* speccyMac.entitlements */ = {isa = PBXFileReference; lastKnownFileType = text.plist.entitlements; path = speccyMac.entitlements; sourceTree = "<group>"; };
		6FFC9E071F35CFA400B9322C /* Register.swift */ = {isa = PBXFileReference; lastKnownFileType = sourcecode.swift; path = Register.swift; sourceTree = "<group>"; };
		6FFC9E091F35CFB200B9322C /* RegisterPair.swift */ = {isa = PBXFileReference; lastKnownFileType = sourcecode.swift; path = RegisterPair.swift; sourceTree = "<group>"; };
		6FFC9E0B1F35D65C00B9322C /* Accumulator.swift */ = {isa = PBXFileReference; lastKnownFileType = sourcecode.swift; path = Accumulator.swift; sourceTree = "<group>"; };
		6FFE6FC11F376BEF00EBCC3B /* memoryTests.swift */ = {isa = PBXFileReference; lastKnownFileType = sourcecode.swift; path = memoryTests.swift; sourceTree = "<group>"; };
/* End PBXFileReference section */

/* Begin PBXFrameworksBuildPhase section */
		6FE5146C1F372CF1004F0751 /* Frameworks */ = {
			isa = PBXFrameworksBuildPhase;
			buildActionMask = 2147483647;
			files = (
			);
			runOnlyForDeploymentPostprocessing = 0;
		};
		6FFB314D1F22379B00C15CD7 /* Frameworks */ = {
			isa = PBXFrameworksBuildPhase;
			buildActionMask = 2147483647;
			files = (
			);
			runOnlyForDeploymentPostprocessing = 0;
		};
/* End PBXFrameworksBuildPhase section */

/* Begin PBXGroup section */
		6F37E1B81F46CC62005A4976 /* Frameworks */ = {
			isa = PBXGroup;
			children = (
			);
			name = Frameworks;
			sourceTree = "<group>";
		};
		6FE514701F372CF1004F0751 /* speccyMacTests */ = {
			isa = PBXGroup;
			children = (
				6FE514731F372CF1004F0751 /* Info.plist */,
				6FFE6FC11F376BEF00EBCC3B /* memoryTests.swift */,
				6FE514791F372D96004F0751 /* registerTests.swift */,
				6FE5147B1F3732A3004F0751 /* registerPairTests.swift */,
				6FCA5BA61F38B38200A22E92 /* accumulatorTests.swift */,
			);
			path = speccyMacTests;
			sourceTree = "<group>";
		};
		6FEFA9101F2239AD00F9AD93 /* Roms */ = {
			isa = PBXGroup;
			children = (
				6FEFA91D1F223B3A00F9AD93 /* 48.rom */,
				6FEFA91C1F223B3200F9AD93 /* manic.sna */,
				6F33B9281F38F55200B886CD /* aticatac.sna */,
				6F33B9221F38F55200B886CD /* brucelee.sna */,
				6F33B9261F38F55200B886CD /* deathchase.sna */,
				6F33B9271F38F55200B886CD /* JetPac.sna */,
				6F33B9231F38F55200B886CD /* monty.sna */,
				6F33B9251F38F55200B886CD /* spacies.sna */,
				6F33B9241F38F55200B886CD /* thehobbit.sna */,
				6F8E15381F3B14E100A34AB4 /* testz80.sna */,
				6F8E153E1F3B2ECA00A34AB4 /* uridium.sna */,
				6F8E153F1F3B2ED800A34AB4 /* techted.sna */,
				6F8E15401F3B2F1600A34AB4 /* jetsetw.sna */,
				6FCC17CA1F3EDDEE00B867E1 /* batman.sna */,
				6FCC17C91F3EDDEE00B867E1 /* cobra.sna */,
				6FCC17C81F3EDDEE00B867E1 /* cybernoid1.sna */,
				6FCC17CE1F3EDDEF00B867E1 /* cybernoid2.sna */,
				6F93325C1F4F6B2A000CA284 /* batty.sna */,
				6F93325D1F4F6B2B000CA284 /* chuckie.sna */,
				6FCC17D11F3EDDF000B867E1 /* dynadan.sna */,
				6FCC17C71F3EDDEE00B867E1 /* greenberet.sna */,
				6FCC17CB1F3EDDEF00B867E1 /* headoverheels.sna */,
				6FCC17C61F3EDDED00B867E1 /* hypersports.sna */,
				6FCC17CF1F3EDDEF00B867E1 /* JetMan.sna */,
				6FCC17CC1F3EDDEF00B867E1 /* ninjaman.sna */,
				6FCC17CD1F3EDDEF00B867E1 /* sabre.sna */,
				6FCC17D01F3EDDEF00B867E1 /* starquake.sna */,
			);
			path = Roms;
			sourceTree = "<group>";
		};
		6FFB31471F22379B00C15CD7 = {
			isa = PBXGroup;
			children = (
				6FFB31521F22379B00C15CD7 /* speccyMac */,
				6FE514701F372CF1004F0751 /* speccyMacTests */,
				6FFB31511F22379B00C15CD7 /* Products */,
				6F37E1B81F46CC62005A4976 /* Frameworks */,
			);
			sourceTree = "<group>";
		};
		6FFB31511F22379B00C15CD7 /* Products */ = {
			isa = PBXGroup;
			children = (
				6FFB31501F22379B00C15CD7 /* speccyMac.app */,
				6FE5146F1F372CF1004F0751 /* speccyMacTests.xctest */,
			);
			name = Products;
			sourceTree = "<group>";
		};
		6FFB31521F22379B00C15CD7 /* speccyMac */ = {
			isa = PBXGroup;
			children = (
				6FFB31531F22379B00C15CD7 /* AppDelegate.swift */,
				6FFB31551F22379B00C15CD7 /* Emulator.swift */,
				6FA3852D1F39BCEF006CC865 /* EmulatorInputView.swift */,
				6F5217DE1F517C8C005063E5 /* EmulatorImageView.swift */,
				6F37E1BD1F46F25F005A4976 /* GameSelectViewController.swift */,
				6F7618D91F49697F00D793D7 /* Machine.swift */,
				6F036DBE1F44C68D005A16D0 /* Spectrum.swift */,
				6FEFA90C1F2238A500F9AD93 /* Memory.swift */,
				6FFC9E071F35CFA400B9322C /* Register.swift */,
				6FFC9E091F35CFB200B9322C /* RegisterPair.swift */,
				6FFC9E0B1F35D65C00B9322C /* Accumulator.swift */,
				6F7421E01F36FDFF00C056EA /* RefreshReg.swift */,
				6FEFA90E1F2238C200F9AD93 /* Z80.swift */,
				6FEFA92B1F22503000F9AD93 /* Z80+unprefixed.swift */,
				6FEFA9271F224FC000F9AD93 /* Z80+dd.swift */,
				6FEFA9291F224FF500F9AD93 /* Z80+ed.swift */,
				6FEFA9251F224F9000F9AD93 /* Z80+cb.swift */,
				6FEFA92D1F2250B200F9AD93 /* Z80+ddcb.swift */,
				6FEFA9211F223FCE00F9AD93 /* Loader.swift */,
				6F1792091F31B0D700A984F0 /* Array+extensions.swift */,
				6F036DBC1F44C210005A16D0 /* Structs.swift */,
				6FEFA9101F2239AD00F9AD93 /* Roms */,
				6F2D00F91F3CA62000343F28 /* todo.txt */,
				6FC90B4E1F5295AA002506DC /* README.md */,
				6FFB31571F22379B00C15CD7 /* Assets.xcassets */,
				6FEFA91B1F223AA400F9AD93 /* z80ops.json */,
				6FFB31591F22379B00C15CD7 /* Main.storyboard */,
				6FFB315C1F22379B00C15CD7 /* Info.plist */,
				6FFB315D1F22379B00C15CD7 /* speccyMac.entitlements */,
			);
			path = speccyMac;
			sourceTree = "<group>";
		};
/* End PBXGroup section */

/* Begin PBXNativeTarget section */
		6FE5146E1F372CF1004F0751 /* speccyMacTests */ = {
			isa = PBXNativeTarget;
			buildConfigurationList = 6FE514761F372CF1004F0751 /* Build configuration list for PBXNativeTarget "speccyMacTests" */;
			buildPhases = (
				6FE5146B1F372CF1004F0751 /* Sources */,
				6FE5146C1F372CF1004F0751 /* Frameworks */,
				6FE5146D1F372CF1004F0751 /* Resources */,
			);
			buildRules = (
			);
			dependencies = (
				6FE514751F372CF1004F0751 /* PBXTargetDependency */,
			);
			name = speccyMacTests;
			productName = speccyMacTests;
			productReference = 6FE5146F1F372CF1004F0751 /* speccyMacTests.xctest */;
			productType = "com.apple.product-type.bundle.unit-test";
		};
		6FFB314F1F22379B00C15CD7 /* speccyMac */ = {
			isa = PBXNativeTarget;
			buildConfigurationList = 6FFB31601F22379B00C15CD7 /* Build configuration list for PBXNativeTarget "speccyMac" */;
			buildPhases = (
				6FFB314C1F22379B00C15CD7 /* Sources */,
				6FFB314D1F22379B00C15CD7 /* Frameworks */,
				6FFB314E1F22379B00C15CD7 /* Resources */,
			);
			buildRules = (
			);
			dependencies = (
			);
			name = speccyMac;
			productName = speccyMac;
			productReference = 6FFB31501F22379B00C15CD7 /* speccyMac.app */;
			productType = "com.apple.product-type.application";
		};
/* End PBXNativeTarget section */

/* Begin PBXProject section */
		6FFB31481F22379B00C15CD7 /* Project object */ = {
			isa = PBXProject;
			attributes = {
				LastSwiftUpdateCheck = 0900;
				LastUpgradeCheck = 0900;
				ORGANIZATIONNAME = "John Ward";
				TargetAttributes = {
					6FE5146E1F372CF1004F0751 = {
						CreatedOnToolsVersion = 9.0;
						TestTargetID = 6FFB314F1F22379B00C15CD7;
					};
					6FFB314F1F22379B00C15CD7 = {
						CreatedOnToolsVersion = 9.0;
						LastSwiftMigration = 0900;
					};
				};
			};
			buildConfigurationList = 6FFB314B1F22379B00C15CD7 /* Build configuration list for PBXProject "speccyMac" */;
			compatibilityVersion = "Xcode 8.0";
			developmentRegion = en;
			hasScannedForEncodings = 0;
			knownRegions = (
				en,
				Base,
			);
			mainGroup = 6FFB31471F22379B00C15CD7;
			productRefGroup = 6FFB31511F22379B00C15CD7 /* Products */;
			projectDirPath = "";
			projectRoot = "";
			targets = (
				6FFB314F1F22379B00C15CD7 /* speccyMac */,
				6FE5146E1F372CF1004F0751 /* speccyMacTests */,
			);
		};
/* End PBXProject section */

/* Begin PBXResourcesBuildPhase section */
		6FE5146D1F372CF1004F0751 /* Resources */ = {
			isa = PBXResourcesBuildPhase;
			buildActionMask = 2147483647;
			files = (
			);
			runOnlyForDeploymentPostprocessing = 0;
		};
		6FFB314E1F22379B00C15CD7 /* Resources */ = {
			isa = PBXResourcesBuildPhase;
			buildActionMask = 2147483647;
			files = (
				6FCC17D31F3EDDFC00B867E1 /* cobra.sna in Resources */,
				6FCC17D71F3EDE0A00B867E1 /* greenberet.sna in Resources */,
				6FCC17D91F3EDE1100B867E1 /* hypersports.sna in Resources */,
				6F8E15411F3B2F9500A34AB4 /* uridium.sna in Resources */,
				6FC90B4F1F5295AA002506DC /* README.md in Resources */,
				6FCC17DA1F3EDE1400B867E1 /* JetMan.sna in Resources */,
				6FCC17D61F3EDE0700B867E1 /* dynadan.sna in Resources */,
				6F33B92B1F38F56300B886CD /* deathchase.sna in Resources */,
				6FFB31581F22379B00C15CD7 /* Assets.xcassets in Resources */,
				6FFB315B1F22379B00C15CD7 /* Main.storyboard in Resources */,
				6FEFA91F1F223B5E00F9AD93 /* 48.rom in Resources */,
				6FCC17D81F3EDE0D00B867E1 /* headoverheels.sna in Resources */,
				6F93325E1F4F6B35000CA284 /* chuckie.sna in Resources */,
				6F33B92D1F38F56900B886CD /* monty.sna in Resources */,
				6FCC17D51F3EDE0300B867E1 /* cybernoid2.sna in Resources */,
				6FCC17D21F3EDDF900B867E1 /* batman.sna in Resources */,
				6F93325F1F4F6B38000CA284 /* batty.sna in Resources */,
				6FCC17DD1F3EDE1F00B867E1 /* starquake.sna in Resources */,
				6FEFA91E1F223B5A00F9AD93 /* z80ops.json in Resources */,
				6F33B9291F38F55D00B886CD /* aticatac.sna in Resources */,
				6F8E15421F3B2F9900A34AB4 /* techted.sna in Resources */,
				6FCC17DC1F3EDE1C00B867E1 /* sabre.sna in Resources */,
				6F33B92A1F38F56000B886CD /* brucelee.sna in Resources */,
				6FEFA9201F223B6200F9AD93 /* manic.sna in Resources */,
				6F33B92C1F38F56600B886CD /* JetPac.sna in Resources */,
				6F33B92F1F38F56E00B886CD /* thehobbit.sna in Resources */,
				6FCC17D41F3EDDFF00B867E1 /* cybernoid1.sna in Resources */,
				6F8E15441F3B2FB800A34AB4 /* testz80.sna in Resources */,
				6F8E15431F3B2F9C00A34AB4 /* jetsetw.sna in Resources */,
				6FCC17DB1F3EDE1800B867E1 /* ninjaman.sna in Resources */,
				6F33B92E1F38F56C00B886CD /* spacies.sna in Resources */,
			);
			runOnlyForDeploymentPostprocessing = 0;
		};
/* End PBXResourcesBuildPhase section */

/* Begin PBXSourcesBuildPhase section */
		6FE5146B1F372CF1004F0751 /* Sources */ = {
			isa = PBXSourcesBuildPhase;
			buildActionMask = 2147483647;
			files = (
				6FCA5BA71F38B38200A22E92 /* accumulatorTests.swift in Sources */,
				6FE5147C1F3732A3004F0751 /* registerPairTests.swift in Sources */,
				6FFE6FC21F376BEF00EBCC3B /* memoryTests.swift in Sources */,
				6FE5147A1F372D96004F0751 /* registerTests.swift in Sources */,
			);
			runOnlyForDeploymentPostprocessing = 0;
		};
		6FFB314C1F22379B00C15CD7 /* Sources */ = {
			isa = PBXSourcesBuildPhase;
			buildActionMask = 2147483647;
			files = (
				6F036DBD1F44C210005A16D0 /* Structs.swift in Sources */,
				6FEFA90D1F2238A500F9AD93 /* Memory.swift in Sources */,
				6FFC9E0C1F35D65C00B9322C /* Accumulator.swift in Sources */,
				6FFB31561F22379B00C15CD7 /* Emulator.swift in Sources */,
				6FEFA90F1F2238C200F9AD93 /* Z80.swift in Sources */,
				6FEFA92C1F22503000F9AD93 /* Z80+unprefixed.swift in Sources */,
				6FFC9E081F35CFA400B9322C /* Register.swift in Sources */,
				6FA3852E1F39BCEF006CC865 /* EmulatorInputView.swift in Sources */,
				6FEFA9261F224F9000F9AD93 /* Z80+cb.swift in Sources */,
				6FEFA9281F224FC000F9AD93 /* Z80+dd.swift in Sources */,
				6F7421E11F36FDFF00C056EA /* RefreshReg.swift in Sources */,
				6FEFA92A1F224FF500F9AD93 /* Z80+ed.swift in Sources */,
				6FFC9E0A1F35CFB200B9322C /* RegisterPair.swift in Sources */,
				6FFB31541F22379B00C15CD7 /* AppDelegate.swift in Sources */,
				6FEFA9221F223FCE00F9AD93 /* Loader.swift in Sources */,
				6F036DBF1F44C68D005A16D0 /* Spectrum.swift in Sources */,
				6FEFA92E1F2250B200F9AD93 /* Z80+ddcb.swift in Sources */,
				6F5217DF1F517C8C005063E5 /* EmulatorImageView.swift in Sources */,
				6F7618DA1F49697F00D793D7 /* Machine.swift in Sources */,
				6F37E1BE1F46F25F005A4976 /* GameSelectViewController.swift in Sources */,
				6F17920A1F31B0D700A984F0 /* Array+extensions.swift in Sources */,
			);
			runOnlyForDeploymentPostprocessing = 0;
		};
/* End PBXSourcesBuildPhase section */

/* Begin PBXTargetDependency section */
		6FE514751F372CF1004F0751 /* PBXTargetDependency */ = {
			isa = PBXTargetDependency;
			target = 6FFB314F1F22379B00C15CD7 /* speccyMac */;
			targetProxy = 6FE514741F372CF1004F0751 /* PBXContainerItemProxy */;
		};
/* End PBXTargetDependency section */

/* Begin PBXVariantGroup section */
		6FFB31591F22379B00C15CD7 /* Main.storyboard */ = {
			isa = PBXVariantGroup;
			children = (
				6FFB315A1F22379B00C15CD7 /* Base */,
			);
			name = Main.storyboard;
			sourceTree = "<group>";
		};
/* End PBXVariantGroup section */

/* Begin XCBuildConfiguration section */
		6FE514771F372CF1004F0751 /* Debug */ = {
			isa = XCBuildConfiguration;
			buildSettings = {
				BUNDLE_LOADER = "$(TEST_HOST)";
				COMBINE_HIDPI_IMAGES = YES;
				DEVELOPMENT_TEAM = B7LWR6U3HW;
				INFOPLIST_FILE = speccyMacTests/Info.plist;
				LD_RUNPATH_SEARCH_PATHS = "$(inherited) @executable_path/../Frameworks @loader_path/../Frameworks";
				PRODUCT_BUNDLE_IDENTIFIER = com.karmatoad.speccyMacTests;
				PRODUCT_NAME = "$(TARGET_NAME)";
				SWIFT_VERSION = 4.0;
				TEST_HOST = "$(BUILT_PRODUCTS_DIR)/speccyMac.app/Contents/MacOS/speccyMac";
			};
			name = Debug;
		};
		6FE514781F372CF1004F0751 /* Release */ = {
			isa = XCBuildConfiguration;
			buildSettings = {
				BUNDLE_LOADER = "$(TEST_HOST)";
				COMBINE_HIDPI_IMAGES = YES;
				DEVELOPMENT_TEAM = B7LWR6U3HW;
				INFOPLIST_FILE = speccyMacTests/Info.plist;
				LD_RUNPATH_SEARCH_PATHS = "$(inherited) @executable_path/../Frameworks @loader_path/../Frameworks";
				PRODUCT_BUNDLE_IDENTIFIER = com.karmatoad.speccyMacTests;
				PRODUCT_NAME = "$(TARGET_NAME)";
				SWIFT_VERSION = 4.0;
				TEST_HOST = "$(BUILT_PRODUCTS_DIR)/speccyMac.app/Contents/MacOS/speccyMac";
			};
			name = Release;
		};
		6FFB315E1F22379B00C15CD7 /* Debug */ = {
			isa = XCBuildConfiguration;
			buildSettings = {
				ALWAYS_SEARCH_USER_PATHS = NO;
				CLANG_ANALYZER_NONNULL = YES;
				CLANG_ANALYZER_NUMBER_OBJECT_CONVERSION = YES_AGGRESSIVE;
				CLANG_CXX_LANGUAGE_STANDARD = "gnu++14";
				CLANG_CXX_LIBRARY = "libc++";
				CLANG_ENABLE_MODULES = YES;
				CLANG_ENABLE_OBJC_ARC = YES;
				CLANG_WARN_BLOCK_CAPTURE_AUTORELEASING = YES;
				CLANG_WARN_BOOL_CONVERSION = YES;
				CLANG_WARN_COMMA = YES;
				CLANG_WARN_CONSTANT_CONVERSION = YES;
				CLANG_WARN_DIRECT_OBJC_ISA_USAGE = YES_ERROR;
				CLANG_WARN_DOCUMENTATION_COMMENTS = YES;
				CLANG_WARN_EMPTY_BODY = YES;
				CLANG_WARN_ENUM_CONVERSION = YES;
				CLANG_WARN_INFINITE_RECURSION = YES;
				CLANG_WARN_INT_CONVERSION = YES;
				CLANG_WARN_NON_LITERAL_NULL_CONVERSION = YES;
				CLANG_WARN_OBJC_LITERAL_CONVERSION = YES;
				CLANG_WARN_OBJC_ROOT_CLASS = YES_ERROR;
				CLANG_WARN_RANGE_LOOP_ANALYSIS = YES;
				CLANG_WARN_STRICT_PROTOTYPES = YES;
				CLANG_WARN_SUSPICIOUS_MOVE = YES;
				CLANG_WARN_UNGUARDED_AVAILABILITY = YES_AGGRESSIVE;
				CLANG_WARN_UNREACHABLE_CODE = YES;
				CLANG_WARN__DUPLICATE_METHOD_MATCH = YES;
				CODE_SIGN_IDENTITY = "Mac Developer";
				COPY_PHASE_STRIP = NO;
				DEBUG_INFORMATION_FORMAT = dwarf;
				ENABLE_STRICT_OBJC_MSGSEND = YES;
				ENABLE_TESTABILITY = YES;
				GCC_C_LANGUAGE_STANDARD = gnu11;
				GCC_DYNAMIC_NO_PIC = NO;
				GCC_NO_COMMON_BLOCKS = YES;
				GCC_OPTIMIZATION_LEVEL = 0;
				GCC_PREPROCESSOR_DEFINITIONS = (
					"DEBUG=1",
					"$(inherited)",
				);
				GCC_WARN_64_TO_32_BIT_CONVERSION = YES;
				GCC_WARN_ABOUT_RETURN_TYPE = YES_ERROR;
				GCC_WARN_UNDECLARED_SELECTOR = YES;
				GCC_WARN_UNINITIALIZED_AUTOS = YES_AGGRESSIVE;
				GCC_WARN_UNUSED_FUNCTION = YES;
				GCC_WARN_UNUSED_VARIABLE = YES;
				MACOSX_DEPLOYMENT_TARGET = 10.12;
				MTL_ENABLE_DEBUG_INFO = YES;
				ONLY_ACTIVE_ARCH = YES;
				SDKROOT = macosx;
				SWIFT_ACTIVE_COMPILATION_CONDITIONS = DEBUG;
				SWIFT_INSTALL_OBJC_HEADER = NO;
				SWIFT_OPTIMIZATION_LEVEL = "-Onone";
				SWIFT_PRECOMPILE_BRIDGING_HEADER = NO;
			};
			name = Debug;
		};
		6FFB315F1F22379B00C15CD7 /* Release */ = {
			isa = XCBuildConfiguration;
			buildSettings = {
				ALWAYS_SEARCH_USER_PATHS = NO;
				CLANG_ANALYZER_NONNULL = YES;
				CLANG_ANALYZER_NUMBER_OBJECT_CONVERSION = YES_AGGRESSIVE;
				CLANG_CXX_LANGUAGE_STANDARD = "gnu++14";
				CLANG_CXX_LIBRARY = "libc++";
				CLANG_ENABLE_MODULES = YES;
				CLANG_ENABLE_OBJC_ARC = YES;
				CLANG_WARN_BLOCK_CAPTURE_AUTORELEASING = YES;
				CLANG_WARN_BOOL_CONVERSION = YES;
				CLANG_WARN_COMMA = YES;
				CLANG_WARN_CONSTANT_CONVERSION = YES;
				CLANG_WARN_DIRECT_OBJC_ISA_USAGE = YES_ERROR;
				CLANG_WARN_DOCUMENTATION_COMMENTS = YES;
				CLANG_WARN_EMPTY_BODY = YES;
				CLANG_WARN_ENUM_CONVERSION = YES;
				CLANG_WARN_INFINITE_RECURSION = YES;
				CLANG_WARN_INT_CONVERSION = YES;
				CLANG_WARN_NON_LITERAL_NULL_CONVERSION = YES;
				CLANG_WARN_OBJC_LITERAL_CONVERSION = YES;
				CLANG_WARN_OBJC_ROOT_CLASS = YES_ERROR;
				CLANG_WARN_RANGE_LOOP_ANALYSIS = YES;
				CLANG_WARN_STRICT_PROTOTYPES = YES;
				CLANG_WARN_SUSPICIOUS_MOVE = YES;
				CLANG_WARN_UNGUARDED_AVAILABILITY = YES_AGGRESSIVE;
				CLANG_WARN_UNREACHABLE_CODE = YES;
				CLANG_WARN__DUPLICATE_METHOD_MATCH = YES;
				CODE_SIGN_IDENTITY = "Mac Developer";
				COPY_PHASE_STRIP = NO;
				DEBUG_INFORMATION_FORMAT = "dwarf-with-dsym";
				ENABLE_NS_ASSERTIONS = NO;
				ENABLE_STRICT_OBJC_MSGSEND = YES;
				GCC_C_LANGUAGE_STANDARD = gnu11;
				GCC_NO_COMMON_BLOCKS = YES;
				GCC_WARN_64_TO_32_BIT_CONVERSION = YES;
				GCC_WARN_ABOUT_RETURN_TYPE = YES_ERROR;
				GCC_WARN_UNDECLARED_SELECTOR = YES;
				GCC_WARN_UNINITIALIZED_AUTOS = YES_AGGRESSIVE;
				GCC_WARN_UNUSED_FUNCTION = YES;
				GCC_WARN_UNUSED_VARIABLE = YES;
				MACOSX_DEPLOYMENT_TARGET = 10.12;
				MTL_ENABLE_DEBUG_INFO = NO;
				SDKROOT = macosx;
				SWIFT_INSTALL_OBJC_HEADER = NO;
				SWIFT_OPTIMIZATION_LEVEL = "-Owholemodule";
				SWIFT_PRECOMPILE_BRIDGING_HEADER = NO;
			};
			name = Release;
		};
		6FFB31611F22379B00C15CD7 /* Debug */ = {
			isa = XCBuildConfiguration;
			buildSettings = {
				ASSETCATALOG_COMPILER_APPICON_NAME = AppIcon;
				CLANG_ENABLE_MODULES = YES;
				CODE_SIGN_ENTITLEMENTS = speccyMac/speccyMac.entitlements;
				COMBINE_HIDPI_IMAGES = YES;
				DEVELOPMENT_TEAM = B7LWR6U3HW;
				INFOPLIST_FILE = speccyMac/Info.plist;
				LD_RUNPATH_SEARCH_PATHS = "$(inherited) @executable_path/../Frameworks";
				PRODUCT_BUNDLE_IDENTIFIER = com.karmatoad.speccyMac;
				PRODUCT_NAME = "$(TARGET_NAME)";
				SWIFT_OBJC_BRIDGING_HEADER = "";
				SWIFT_OPTIMIZATION_LEVEL = "-Onone";
				SWIFT_VERSION = 4.0;
			};
			name = Debug;
		};
		6FFB31621F22379B00C15CD7 /* Release */ = {
			isa = XCBuildConfiguration;
			buildSettings = {
				ASSETCATALOG_COMPILER_APPICON_NAME = AppIcon;
				CLANG_ENABLE_MODULES = YES;
				CODE_SIGN_ENTITLEMENTS = speccyMac/speccyMac.entitlements;
				COMBINE_HIDPI_IMAGES = YES;
				DEVELOPMENT_TEAM = B7LWR6U3HW;
				INFOPLIST_FILE = speccyMac/Info.plist;
				LD_RUNPATH_SEARCH_PATHS = "$(inherited) @executable_path/../Frameworks";
				PRODUCT_BUNDLE_IDENTIFIER = com.karmatoad.speccyMac;
				PRODUCT_NAME = "$(TARGET_NAME)";
				SWIFT_OBJC_BRIDGING_HEADER = "";
				SWIFT_VERSION = 4.0;
			};
			name = Release;
		};
/* End XCBuildConfiguration section */

/* Begin XCConfigurationList section */
		6FE514761F372CF1004F0751 /* Build configuration list for PBXNativeTarget "speccyMacTests" */ = {
			isa = XCConfigurationList;
			buildConfigurations = (
				6FE514771F372CF1004F0751 /* Debug */,
				6FE514781F372CF1004F0751 /* Release */,
			);
			defaultConfigurationIsVisible = 0;
			defaultConfigurationName = Release;
		};
		6FFB314B1F22379B00C15CD7 /* Build configuration list for PBXProject "speccyMac" */ = {
			isa = XCConfigurationList;
			buildConfigurations = (
				6FFB315E1F22379B00C15CD7 /* Debug */,
				6FFB315F1F22379B00C15CD7 /* Release */,
			);
			defaultConfigurationIsVisible = 0;
			defaultConfigurationName = Release;
		};
		6FFB31601F22379B00C15CD7 /* Build configuration list for PBXNativeTarget "speccyMac" */ = {
			isa = XCConfigurationList;
			buildConfigurations = (
				6FFB31611F22379B00C15CD7 /* Debug */,
				6FFB31621F22379B00C15CD7 /* Release */,
			);
			defaultConfigurationIsVisible = 0;
			defaultConfigurationName = Release;
		};
/* End XCConfigurationList section */
	};
	rootObject = 6FFB31481F22379B00C15CD7 /* Project object */;
}
